PODS:
  - AFNetworking (4.0.1):
    - AFNetworking/NSURLSession (= 4.0.1)
    - AFNetworking/Reachability (= 4.0.1)
    - AFNetworking/Security (= 4.0.1)
    - AFNetworking/Serialization (= 4.0.1)
    - AFNetworking/UIKit (= 4.0.1)
  - AFNetworking/NSURLSession (4.0.1):
    - AFNetworking/Reachability
    - AFNetworking/Security
    - AFNetworking/Serialization
  - AFNetworking/Reachability (4.0.1)
  - AFNetworking/Security (4.0.1)
  - AFNetworking/Serialization (4.0.1)
  - AFNetworking/UIKit (4.0.1):
    - AFNetworking/NSURLSession
  - audio_session (0.0.1):
    - Flutter
  - device_imei (0.0.3):
    - Flutter
  - device_info_plus (0.0.1):
    - Flutter
  - Flutter (1.0.0)
  - flutter_image_compress_common (1.0.0):
    - Flutter
    - Mantle
    - SDWebImage
    - SDWebImageWebPCoder
  - flutter_native_splash (0.0.1):
    - Flutter
  - flutter_sound (9.2.13):
    - Flutter
    - flutter_sound_core (= 9.2.13)
  - flutter_sound_core (9.2.13)
  - fluttertoast (0.0.2):
    - Flutter
    - Toast
  - image_pickers (0.0.1):
    - AFNetworking
    - Flutter
    - SDWebImage
    - ZLPhotoBrowser (~> 4.3.9)
  - libwebp (1.2.1):
    - libwebp/demux (= 1.2.1)
    - libwebp/mux (= 1.2.1)
    - libwebp/webp (= 1.2.1)
  - libwebp/demux (1.2.1):
    - libwebp/webp
  - libwebp/mux (1.2.1):
    - libwebp/demux
  - libwebp/webp (1.2.1)
  - Mantle (2.2.0):
    - Mantle/extobjc (= 2.2.0)
  - Mantle/extobjc (2.2.0)
  - package_info_plus (0.4.5):
    - Flutter
  - path_provider_foundation (0.0.1):
    - Flutter
    - FlutterMacOS
  - permission_handler_apple (9.1.1):
    - Flutter
  - SDWebImage (5.12.5):
    - SDWebImage/Core (= 5.12.5)
  - SDWebImage/Core (5.12.5)
  - SDWebImageWebPCoder (0.8.5):
    - libwebp (~> 1.0)
    - SDWebImage/Core (~> 5.10)
  - shared_preferences_foundation (0.0.1):
    - Flutter
    - FlutterMacOS
  - Toast (4.0.0)
  - url_launcher_ios (0.0.1):
    - Flutter
  - video_player_avfoundation (0.0.1):
    - Flutter
  - ZLPhotoBrowser (4.3.9):
    - ZLPhotoBrowser/Core (= 4.3.9)
  - ZLPhotoBrowser/Core (4.3.9)

DEPENDENCIES:
  - audio_session (from `.symlinks/plugins/audio_session/ios`)
  - device_imei (from `.symlinks/plugins/device_imei/ios`)
  - device_info_plus (from `.symlinks/plugins/device_info_plus/ios`)
  - Flutter (from `Flutter`)
  - flutter_image_compress_common (from `.symlinks/plugins/flutter_image_compress_common/ios`)
  - flutter_native_splash (from `.symlinks/plugins/flutter_native_splash/ios`)
  - flutter_sound (from `.symlinks/plugins/flutter_sound/ios`)
  - fluttertoast (from `.symlinks/plugins/fluttertoast/ios`)
  - image_pickers (from `.symlinks/plugins/image_pickers/ios`)
  - package_info_plus (from `.symlinks/plugins/package_info_plus/ios`)
  - path_provider_foundation (from `.symlinks/plugins/path_provider_foundation/darwin`)
  - permission_handler_apple (from `.symlinks/plugins/permission_handler_apple/ios`)
  - shared_preferences_foundation (from `.symlinks/plugins/shared_preferences_foundation/darwin`)
  - url_launcher_ios (from `.symlinks/plugins/url_launcher_ios/ios`)
  - video_player_avfoundation (from `.symlinks/plugins/video_player_avfoundation/ios`)

SPEC REPOS:
  trunk:
    - AFNetworking
    - flutter_sound_core
    - libwebp
    - Mantle
    - SDWebImage
    - SDWebImageWebPCoder
    - Toast
    - ZLPhotoBrowser

EXTERNAL SOURCES:
  audio_session:
    :path: ".symlinks/plugins/audio_session/ios"
  device_imei:
    :path: ".symlinks/plugins/device_imei/ios"
  device_info_plus:
    :path: ".symlinks/plugins/device_info_plus/ios"
  Flutter:
    :path: Flutter
  flutter_image_compress_common:
    :path: ".symlinks/plugins/flutter_image_compress_common/ios"
  flutter_native_splash:
    :path: ".symlinks/plugins/flutter_native_splash/ios"
  flutter_sound:
    :path: ".symlinks/plugins/flutter_sound/ios"
  fluttertoast:
    :path: ".symlinks/plugins/fluttertoast/ios"
  image_pickers:
    :path: ".symlinks/plugins/image_pickers/ios"
  package_info_plus:
    :path: ".symlinks/plugins/package_info_plus/ios"
  path_provider_foundation:
    :path: ".symlinks/plugins/path_provider_foundation/darwin"
  permission_handler_apple:
    :path: ".symlinks/plugins/permission_handler_apple/ios"
  shared_preferences_foundation:
    :path: ".symlinks/plugins/shared_preferences_foundation/darwin"
  url_launcher_ios:
    :path: ".symlinks/plugins/url_launcher_ios/ios"
  video_player_avfoundation:
    :path: ".symlinks/plugins/video_player_avfoundation/ios"

SPEC CHECKSUMS:
  AFNetworking: 7864c38297c79aaca1500c33288e429c3451fdce
  audio_session: 4f3e461722055d21515cf3261b64c973c062f345
  device_imei: 06bea5160991fbb7aba7f2e7267a37f6b616c514
  device_info_plus: 7545d84d8d1b896cb16a4ff98c19f07ec4b298ea
  Flutter: f04841e97a9d0b0a8025694d0796dd46242b2854
  flutter_image_compress_common: ec1d45c362c9d30a3f6a0426c297f47c52007e3e
  flutter_native_splash: 52501b97d1c0a5f898d687f1646226c1f93c56ef
  flutter_sound: c60effa2a350fb977885f0db2fbc4c1ad5160900
  flutter_sound_core: 26c10e5832e76aaacfae252d8925232281c486ae
  fluttertoast: fafc4fa4d01a6a9e4f772ecd190ffa525e9e2d9c
  image_pickers: 4406949954a5eb4fac5ada5f13810e6419ef4467
  libwebp: 98a37e597e40bfdb4c911fc98f2c53d0b12d05fc
  Mantle: c5aa8794a29a022dfbbfc9799af95f477a69b62d
  package_info_plus: fd030dabf36271f146f1f3beacd48f564b0f17f7
  path_provider_foundation: 29f094ae23ebbca9d3d0cec13889cd9060c0e943
  permission_handler_apple: e76247795d700c14ea09e3a2d8855d41ee80a2e6
  SDWebImage: 0905f1b7760fc8ac4198cae0036600d67478751e
  SDWebImageWebPCoder: 908b83b6adda48effe7667cd2b7f78c897e5111d
  shared_preferences_foundation: 5b919d13b803cadd15ed2dc053125c68730e5126
  Toast: 91b396c56ee72a5790816f40d3a94dd357abc196
  url_launcher_ios: 08a3dfac5fb39e8759aeb0abbd5d9480f30fc8b4
  video_player_avfoundation: 81e49bb3d9fb63dccf9fa0f6d877dc3ddbeac126
  ZLPhotoBrowser: 02b3569b8f702d2e153e8fdb1f6b32fef3a2867c

PODFILE CHECKSUM: e4b933818e00e3dfc8190efb4816b6b8fea469c0

COCOAPODS: 1.11.3
